
Microsoft Visual Studio Solution File, Format Version 12.00
# Visual Studio 2012
Project("{8BC9CEB8-8B4A-11D0-8D11-00A0C91BC942}") = "Zavrsni rad", "Zavrsni rad\Zavrsni rad.vcxproj", "{2C749B2E-3FA1-45C6-8219-99BCD6E0F184}"
EndProject
Global
	GlobalSection(SolutionConfigurationPlatforms) = preSolution
		Debug|Win32 = Debug|Win32
		Release|Win32 = Release|Win32
	EndGlobalSection
	GlobalSection(ProjectConfigurationPlatforms) = postSolution
		{2C749B2E-3FA1-45C6-8219-99BCD6E0F184}.Debug|Win32.ActiveCfg = Debug|Win32
		{2C749B2E-3FA1-45C6-8219-99BCD6E0F184}.Debug|Win32.Build.0 = Debug|Win32
		{2C749B2E-3FA1-45C6-8219-99BCD6E0F184}.Release|Win32.ActiveCfg = Release|Win32
		{2C749B2E-3FA1-45C6-8219-99BCD6E0F184}.Release|Win32.Build.0 = Release|Win32
	EndGlobalSection
	GlobalSection(SolutionProperties) = preSolution
		HideSolutionNode = FALSE
	EndGlobalSection
EndGlobal
